# THIS IS AN AUTOGENERATED FILE. DO NOT EDIT THIS FILE DIRECTLY.
# yarn lockfile v1


"@types/cookie@^0.3.2":
  version "0.3.2"
  resolved "https://registry.yarnpkg.com/@types/cookie/-/cookie-0.3.2.tgz#453f4b14b25da6a8ea4494842dedcbf0151deef9"
  integrity sha512-aHQA072E10/8iUQsPH7mQU/KUyQBZAGzTVRCUvnSz8mSvbrYsP4xEO2RSA0Pjltolzi0j8+8ixrm//Hr4umPzw==

"@types/throttle-debounce@1.1.1":
  version "1.1.1"
  resolved "https://registry.yarnpkg.com/@types/throttle-debounce/-/throttle-debounce-1.1.1.tgz#4a78636c36a4534b76d85ee244fce238d435f22a"
  integrity sha512-VhX9p0l8p3TS27XU+CnDfhdnzW7HpVgtKiYDh/lfucSAz8s9uTt0q4aPwcYIr+q+3/NghlU3smXBW6ItvfJKYQ==

cookie@0.3.1:
  version "0.3.1"
  resolved "https://registry.yarnpkg.com/cookie/-/cookie-0.3.1.tgz#e7e0a1f9ef43b4c8ba925c5c5a96e806d16873bb"
  integrity sha1-5+Ch+e9DtMi6klxcWpboBtFoc7s=

cross-fetch@^2.2.2:
  version "2.2.3"
  resolved "https://registry.yarnpkg.com/cross-fetch/-/cross-fetch-2.2.3.tgz#e8a0b3c54598136e037f8650f8e823ccdfac198e"
  integrity sha512-PrWWNH3yL2NYIb/7WF/5vFG3DCQiXDOVf8k3ijatbrtnwNuhMWLC7YF7uqf53tbTFDzHIUD8oITw4Bxt8ST3Nw==
  dependencies:
    node-fetch "2.1.2"
    whatwg-fetch "2.0.4"

dompurify@^1.0.10:
  version "1.0.10"
  resolved "https://registry.yarnpkg.com/dompurify/-/dompurify-1.0.10.tgz#18d7353631c86ee25049e38fbca8c6b2c5a2af87"
  integrity sha512-huhl3DSWX5LaA7jDtnj3XQdJgWW1wYouNW7N0drGzQa4vEUSVWyeFN+Atx6HP4r5cang6oQytMom6I4yhGJj5g==

jest-fetch-mock@^2.1.1:
  version "2.1.1"
  resolved "https://registry.yarnpkg.com/jest-fetch-mock/-/jest-fetch-mock-2.1.1.tgz#fa9c5fdd228fb0d073456658831ae89cec9543e6"
  integrity sha512-/E0I80zMRTTExfM7QQZsqizT31EMHCBnqACERd2QR+7riSgta3OcHF3RzakukzQ4o3oEyIi6OleB3PAU6ArgDg==
  dependencies:
    cross-fetch "^2.2.2"
    promise-polyfill "^7.1.1"

node-fetch@2.1.2:
  version "2.1.2"
  resolved "https://registry.yarnpkg.com/node-fetch/-/node-fetch-2.1.2.tgz#ab884e8e7e57e38a944753cec706f788d1768bb5"
  integrity sha1-q4hOjn5X44qUR1POxwb3iNF2i7U=

promise-polyfill@^7.1.1:
  version "7.1.2"
  resolved "https://registry.yarnpkg.com/promise-polyfill/-/promise-polyfill-7.1.2.tgz#ab05301d8c28536301622d69227632269a70ca3b"
  integrity sha512-FuEc12/eKqqoRYIGBrUptCBRhobL19PS2U31vMNTfyck1FxPyMfgsXyW4Mav85y/ZN1hop3hOwRlUDok23oYfQ==

throttle-debounce@^2.1.0:
  version "2.1.0"
  resolved "https://registry.yarnpkg.com/throttle-debounce/-/throttle-debounce-2.1.0.tgz#257e648f0a56bd9e54fe0f132c4ab8611df4e1d5"
  integrity sha512-AOvyNahXQuU7NN+VVvOOX+uW6FPaWdAOdRP5HfwYxAfCzXTFKRMoIMk+n+po318+ktcChx+F1Dd91G3YHeMKyg==

typescript@^3.4.1:
  version "3.4.1"
  resolved "https://registry.yarnpkg.com/typescript/-/typescript-3.4.1.tgz#b6691be11a881ffa9a05765a205cb7383f3b63c6"
  integrity sha512-3NSMb2VzDQm8oBTLH6Nj55VVtUEpe/rgkIzMir0qVoLyjDZlnMBva0U6vDiV3IH+sl/Yu6oP5QwsAQtHPmDd2Q==

whatwg-fetch@2.0.4:
  version "2.0.4"
  resolved "https://registry.yarnpkg.com/whatwg-fetch/-/whatwg-fetch-2.0.4.tgz#dde6a5df315f9d39991aa17621853d720b85566f"
  integrity sha512-dcQ1GWpOD/eEQ97k66aiEVpNnapVj90/+R+SXTPYGHpYBBypfKJEQjLrvMZ7YXbKm21gXd4NcuxUTjiv1YtLng==
