# THIS IS AN AUTOGENERATED FILE. DO NOT EDIT THIS FILE DIRECTLY.
# yarn lockfile v1


"@giphy/js-types@^2.0.0":
  version "2.0.0"
  resolved "https://registry.yarnpkg.com/@giphy/js-types/-/js-types-2.0.0.tgz#e71ce5bb419be598d550754535aad1bde2990e3f"
  integrity sha512-Y7F24BH5dBz47aMhPFumY+Fr43DsUoZWehQho8sXDZQ6qt0qQ7IVf80SIYIJG1oMMHrWTvj45wmpR2IqG1NtQA==

"@giphy/js-util@^1.5.2":
  version "1.5.2"
  resolved "https://registry.yarnpkg.com/@giphy/js-util/-/js-util-1.5.2.tgz#0d0f85ecb47f78702609d9d8314e2d6aa907795c"
  integrity sha512-tpG6M865on9fj5m4zUJcHjWuc7NCetnoKBEHd56uqfLErTuteBmzPTNflA8f+RnrM7JDdS9XOqyQUKvk25PnpA==
  dependencies:
    "@giphy/js-types" "^2.0.0"

"@types/append-query@^2.0.0":
  version "2.0.0"
  resolved "https://registry.yarnpkg.com/@types/append-query/-/append-query-2.0.0.tgz#ed93e5adb9d865a1896ccdff8a2a32f28ef313de"
  integrity sha512-0YlmQr+wOjsHrt4cXEWY2Ef8pLPyz4jTQqv/mSiGzdf+q0ZymH7VoI7kvmXV6T31JLvlQwGo2b3B9FgR+qn19g==

"@types/cookie@^0.3.3":
  version "0.3.3"
  resolved "https://registry.yarnpkg.com/@types/cookie/-/cookie-0.3.3.tgz#85bc74ba782fb7aa3a514d11767832b0e3bc6803"
  integrity sha512-LKVP3cgXBT9RYj+t+9FDKwS5tdI+rPBXaNSkma7hvqy35lc7mAokC2zsqWJH0LaqIt3B962nuYI77hsJoT1gow==

"@types/dompurify@^0.0.32":
  version "0.0.32"
  resolved "https://registry.yarnpkg.com/@types/dompurify/-/dompurify-0.0.32.tgz#ccc4148d7f2e0598006611e82e840806fab4b268"
  integrity sha512-OPiBf1Xgi5umND0m0LpBhxfRVat3dMCXeB4SBVzAIa0sKniJ9z2g9cN0trL1OcmkQnjDV14yCyRH26G2L0zWFQ==

"@types/throttle-debounce@1.1.1":
  version "1.1.1"
  resolved "https://registry.yarnpkg.com/@types/throttle-debounce/-/throttle-debounce-1.1.1.tgz#4a78636c36a4534b76d85ee244fce238d435f22a"
  integrity sha512-VhX9p0l8p3TS27XU+CnDfhdnzW7HpVgtKiYDh/lfucSAz8s9uTt0q4aPwcYIr+q+3/NghlU3smXBW6ItvfJKYQ==

"@types/uuid@^7.0.0":
  version "7.0.0"
  resolved "https://registry.yarnpkg.com/@types/uuid/-/uuid-7.0.0.tgz#9f6993ccc8210efa90bda7e1afabbb06a9f860cd"
  integrity sha512-RiX1I0lK9WFLFqy2xOxke396f0wKIzk5sAll0tL4J4XDYJXURI7JOs96XQb3nP+2gEpQ/LutBb66jgiT5oQshQ==

append-query@^2.1.0:
  version "2.1.0"
  resolved "https://registry.yarnpkg.com/append-query/-/append-query-2.1.0.tgz#c3392d2ddf8c70d3f582a14b051b12333da540bf"
  integrity sha512-v9YXX6No91QkRA31IvTjl+1kFU+A0DaOzZpCNR7Q/ZoPSXlo5a4W2eS0qos6AKvCKL4MnNna78xgqIG8NRvQwg==
  dependencies:
    extend "^2.0.0"

cookie@0.4.0:
  version "0.4.0"
  resolved "https://registry.yarnpkg.com/cookie/-/cookie-0.4.0.tgz#beb437e7022b3b6d49019d088665303ebe9c14ba"
  integrity sha512-+Hp8fLp57wnUSt0tY0tHEXh4voZRDnoIrZPqlo3DPiI4y9lwg/jqx+1Om94/W6ZaPDOUbnjOt/99w66zk+l1Xg==

cross-fetch@^2.2.2:
  version "2.2.3"
  resolved "https://registry.yarnpkg.com/cross-fetch/-/cross-fetch-2.2.3.tgz#e8a0b3c54598136e037f8650f8e823ccdfac198e"
  integrity sha512-PrWWNH3yL2NYIb/7WF/5vFG3DCQiXDOVf8k3ijatbrtnwNuhMWLC7YF7uqf53tbTFDzHIUD8oITw4Bxt8ST3Nw==
  dependencies:
    node-fetch "2.1.2"
    whatwg-fetch "2.0.4"

dompurify@^1.0.10:
  version "1.0.10"
  resolved "https://registry.yarnpkg.com/dompurify/-/dompurify-1.0.10.tgz#18d7353631c86ee25049e38fbca8c6b2c5a2af87"
  integrity sha512-huhl3DSWX5LaA7jDtnj3XQdJgWW1wYouNW7N0drGzQa4vEUSVWyeFN+Atx6HP4r5cang6oQytMom6I4yhGJj5g==

extend@^2.0.0:
  version "2.0.2"
  resolved "https://registry.yarnpkg.com/extend/-/extend-2.0.2.tgz#1b74985400171b85554894459c978de6ef453ab7"
  integrity sha512-AgFD4VU+lVLP6vjnlNfF7OeInLTyeyckCNPEsuxz1vi786UuK/nk6ynPuhn/h+Ju9++TQyr5EpLRI14fc1QtTQ==

jest-fetch-mock@^2.1.2:
  version "2.1.2"
  resolved "https://registry.yarnpkg.com/jest-fetch-mock/-/jest-fetch-mock-2.1.2.tgz#1260b347918e3931c4ec743ceaf60433da661bd0"
  integrity sha512-tcSR4Lh2bWLe1+0w/IwvNxeDocMI/6yIA2bijZ0fyWxC4kQ18lckQ1n7Yd40NKuisGmcGBRFPandRXrW/ti/Bw==
  dependencies:
    cross-fetch "^2.2.2"
    promise-polyfill "^7.1.1"

node-fetch@2.1.2:
  version "2.1.2"
  resolved "https://registry.yarnpkg.com/node-fetch/-/node-fetch-2.1.2.tgz#ab884e8e7e57e38a944753cec706f788d1768bb5"
  integrity sha1-q4hOjn5X44qUR1POxwb3iNF2i7U=

promise-polyfill@^7.1.1:
  version "7.1.2"
  resolved "https://registry.yarnpkg.com/promise-polyfill/-/promise-polyfill-7.1.2.tgz#ab05301d8c28536301622d69227632269a70ca3b"
  integrity sha512-FuEc12/eKqqoRYIGBrUptCBRhobL19PS2U31vMNTfyck1FxPyMfgsXyW4Mav85y/ZN1hop3hOwRlUDok23oYfQ==

throttle-debounce@^2.1.0:
  version "2.1.0"
  resolved "https://registry.yarnpkg.com/throttle-debounce/-/throttle-debounce-2.1.0.tgz#257e648f0a56bd9e54fe0f132c4ab8611df4e1d5"
  integrity sha512-AOvyNahXQuU7NN+VVvOOX+uW6FPaWdAOdRP5HfwYxAfCzXTFKRMoIMk+n+po318+ktcChx+F1Dd91G3YHeMKyg==

typescript@^3.8.2:
  version "3.8.2"
  resolved "https://registry.yarnpkg.com/typescript/-/typescript-3.8.2.tgz#91d6868aaead7da74f493c553aeff76c0c0b1d5a"
  integrity sha512-EgOVgL/4xfVrCMbhYKUQTdF37SQn4Iw73H5BgCrF1Abdun7Kwy/QZsE/ssAy0y4LxBbvua3PIbFsbRczWWnDdQ==

uuid@^7.0.1:
  version "7.0.1"
  resolved "https://registry.yarnpkg.com/uuid/-/uuid-7.0.1.tgz#95ed6ff3d8c881cbf85f0f05cc3915ef994818ef"
  integrity sha512-yqjRXZzSJm9Dbl84H2VDHpM3zMjzSJQ+hn6C4zqd5ilW+7P4ZmLEEqwho9LjP+tGuZlF4xrHQXT0h9QZUS/pWA==

whatwg-fetch@2.0.4:
  version "2.0.4"
  resolved "https://registry.yarnpkg.com/whatwg-fetch/-/whatwg-fetch-2.0.4.tgz#dde6a5df315f9d39991aa17621853d720b85566f"
  integrity sha512-dcQ1GWpOD/eEQ97k66aiEVpNnapVj90/+R+SXTPYGHpYBBypfKJEQjLrvMZ7YXbKm21gXd4NcuxUTjiv1YtLng==
