# THIS IS AN AUTOGENERATED FILE. DO NOT EDIT THIS FILE DIRECTLY.
# yarn lockfile v1


"@types/dompurify@^2.0.4":
  version "2.0.4"
  resolved "https://registry.yarnpkg.com/@types/dompurify/-/dompurify-2.0.4.tgz#25fce15f1f4b1bc0df0ad957040cf226416ac2d7"
  integrity sha512-y6K7NyXTQvjr8hJNsAFAD8yshCsIJ0d+OYEFzULuIqWyWOKL2hRru1I+rorI5U0K4SLAROTNuSUFXPDTu278YA==
  dependencies:
    "@types/trusted-types" "*"

"@types/trusted-types@*":
  version "1.0.4"
  resolved "https://registry.yarnpkg.com/@types/trusted-types/-/trusted-types-1.0.4.tgz#922d092c84a776a59acb0bd6785fd82b59b9bad5"
  integrity sha512-6jtHrHpmiXOXoJ31Cg9R+iEVwuEKPf0XHwFUI93eEPXx492/J2JHyafkleKE2EYzZprayk9FSjTyK1GDqcwDng==

"@types/uuid@^8.3.0":
  version "8.3.0"
  resolved "https://registry.yarnpkg.com/@types/uuid/-/uuid-8.3.0.tgz#215c231dff736d5ba92410e6d602050cce7e273f"
  integrity sha512-eQ9qFW/fhfGJF8WKHGEHZEyVWfZxrT+6CLIJGBcZPfxUh/+BnEj+UCGYMlr9qZuX/2AltsvwrGqp0LhEW8D0zQ==

dompurify@^2.2.2:
  version "2.2.2"
  resolved "https://registry.yarnpkg.com/dompurify/-/dompurify-2.2.2.tgz#cb8c2b1a2f3c8a0b565127504ae4eedec176a972"
  integrity sha512-BsGR4nDLaC5CNBnyT5I+d5pOeaoWvgVeg6Gq/aqmKYWMPR07131u60I80BvExLAJ0FQEIBQ1BTicw+C5+jOyrg==

typescript@^5.0.4:
  version "5.0.4"
  resolved "https://registry.yarnpkg.com/typescript/-/typescript-5.0.4.tgz#b217fd20119bd61a94d4011274e0ab369058da3b"
  integrity sha512-cW9T5W9xY37cc+jfEnaUvX91foxtHkza3Nw3wkoF4sSlKn0MONdkdEndig/qPBWXNkmplh3NzayQzCiHM4/hqw==

uuid@^9.0.0:
  version "9.0.0"
  resolved "https://registry.yarnpkg.com/uuid/-/uuid-9.0.0.tgz#592f550650024a38ceb0c562f2f6aa435761efb5"
  integrity sha512-MXcSTerfPa4uqyzStbRoTgt5XIe3x5+42+q1sDuy3R5MDk66URdLMOZe5aPX/SQd+kuYAh0FdP/pO28IkQyTeg==
