# THIS IS AN AUTOGENERATED FILE. DO NOT EDIT THIS FILE DIRECTLY.
# yarn lockfile v1


"@types/dompurify@^2.0.3":
  version "2.0.3"
  resolved "https://registry.yarnpkg.com/@types/dompurify/-/dompurify-2.0.3.tgz#dfd5601d7356dac8adf20ef23fd3a85359604e58"
  integrity sha512-sK52Cwj9nJh186Tt/My7WzCWsJlJWAtcUig1fp/7s7/T2t4xMgpNHYdgjXlCUsXpmGc1OZWPqUFpZ35o6xs5lQ==
  dependencies:
    "@types/trusted-types" "*"

"@types/trusted-types@*":
  version "1.0.4"
  resolved "https://registry.yarnpkg.com/@types/trusted-types/-/trusted-types-1.0.4.tgz#922d092c84a776a59acb0bd6785fd82b59b9bad5"
  integrity sha512-6jtHrHpmiXOXoJ31Cg9R+iEVwuEKPf0XHwFUI93eEPXx492/J2JHyafkleKE2EYzZprayk9FSjTyK1GDqcwDng==

dompurify@^2.0.12:
  version "2.0.12"
  resolved "https://registry.yarnpkg.com/dompurify/-/dompurify-2.0.12.tgz#284a2b041e1c60b8e72d7b4d2fadad36141254ae"
  integrity sha512-Fl8KseK1imyhErHypFPA8qpq9gPzlsJ/EukA6yk9o0gX23p1TzC+rh9LqNg1qvErRTc0UNMYlKxEGSfSh43NDg==

typescript@^4.0.5:
  version "4.0.5"
  resolved "https://registry.yarnpkg.com/typescript/-/typescript-4.0.5.tgz#ae9dddfd1069f1cb5beb3ef3b2170dd7c1332389"
  integrity sha512-ywmr/VrTVCmNTJ6iV2LwIrfG1P+lv6luD8sUJs+2eI9NLGigaN+nUQc13iHqisq7bra9lnmUSYqbJvegraBOPQ==
