# THIS IS AN AUTOGENERATED FILE. DO NOT EDIT THIS FILE DIRECTLY.
# yarn lockfile v1


"@giphy/js-types@^4.1.0":
  version "4.1.0"
  resolved "https://registry.yarnpkg.com/@giphy/js-types/-/js-types-4.1.0.tgz#987b184bf848c81092ba61ab10895096eefa78de"
  integrity sha512-+qSN4Mx4TmrjLQm4SC0I/ZBkb5eWM94sljXwfjIlqn0GMSR3geqEqwmE9Uf/ldgzFh+XMMCasQjIdUl2nWc++Q==

"@types/dompurify@^2.0.4":
  version "2.0.4"
  resolved "https://registry.yarnpkg.com/@types/dompurify/-/dompurify-2.0.4.tgz#25fce15f1f4b1bc0df0ad957040cf226416ac2d7"
  integrity sha512-y6K7NyXTQvjr8hJNsAFAD8yshCsIJ0d+OYEFzULuIqWyWOKL2hRru1I+rorI5U0K4SLAROTNuSUFXPDTu278YA==
  dependencies:
    "@types/trusted-types" "*"

"@types/trusted-types@*":
  version "1.0.4"
  resolved "https://registry.yarnpkg.com/@types/trusted-types/-/trusted-types-1.0.4.tgz#922d092c84a776a59acb0bd6785fd82b59b9bad5"
  integrity sha512-6jtHrHpmiXOXoJ31Cg9R+iEVwuEKPf0XHwFUI93eEPXx492/J2JHyafkleKE2EYzZprayk9FSjTyK1GDqcwDng==

"@types/uuid@^8.3.0":
  version "8.3.0"
  resolved "https://registry.yarnpkg.com/@types/uuid/-/uuid-8.3.0.tgz#215c231dff736d5ba92410e6d602050cce7e273f"
  integrity sha512-eQ9qFW/fhfGJF8WKHGEHZEyVWfZxrT+6CLIJGBcZPfxUh/+BnEj+UCGYMlr9qZuX/2AltsvwrGqp0LhEW8D0zQ==

dompurify@^2.2.2:
  version "2.2.2"
  resolved "https://registry.yarnpkg.com/dompurify/-/dompurify-2.2.2.tgz#cb8c2b1a2f3c8a0b565127504ae4eedec176a972"
  integrity sha512-BsGR4nDLaC5CNBnyT5I+d5pOeaoWvgVeg6Gq/aqmKYWMPR07131u60I80BvExLAJ0FQEIBQ1BTicw+C5+jOyrg==

typescript@^4.6.4:
  version "4.6.4"
  resolved "https://registry.yarnpkg.com/typescript/-/typescript-4.6.4.tgz#caa78bbc3a59e6a5c510d35703f6a09877ce45e9"
  integrity sha512-9ia/jWHIEbo49HfjrLGfKbZSuWo9iTMwXO+Ca3pRsSpbsMbc7/IU8NKdCZVRRBafVPGnoJeFL76ZOAA84I9fEg==

uuid@^8.3.0:
  version "8.3.2"
  resolved "https://registry.yarnpkg.com/uuid/-/uuid-8.3.2.tgz#80d5b5ced271bb9af6c445f21a1a04c606cefbe2"
  integrity sha512-+NYs2QeMWy+GWFOEm9xnn6HCDp0l7QBD7ml8zLUmJ+93Q5NF0NocErnwkTkXVFNiX3/fpC6afS8Dhb/gz7R7eg==
